
Microsoft Visual Studio Solution File, Format Version 12.00
# Visual Studio 15
VisualStudioVersion = 15.0.27703.2042
MinimumVisualStudioVersion = 10.0.40219.1
Project("{FAE04EC0-301F-11D3-BF4B-00C04F79EFBC}") = "AirTrafficMonitor", "AirTrafficMonitor\AirTrafficMonitor.csproj", "{6E21B41A-F993-4D18-A52F-448E2E120D5D}"
EndProject
Global
	GlobalSection(SolutionConfigurationPlatforms) = preSolution
		Debug|Any CPU = Debug|Any CPU
		Release|Any CPU = Release|Any CPU
	EndGlobalSection
	GlobalSection(ProjectConfigurationPlatforms) = postSolution
		{6E21B41A-F993-4D18-A52F-448E2E120D5D}.Debug|Any CPU.ActiveCfg = Debug|Any CPU
		{6E21B41A-F993-4D18-A52F-448E2E120D5D}.Debug|Any CPU.Build.0 = Debug|Any CPU
		{6E21B41A-F993-4D18-A52F-448E2E120D5D}.Release|Any CPU.ActiveCfg = Release|Any CPU
		{6E21B41A-F993-4D18-A52F-448E2E120D5D}.Release|Any CPU.Build.0 = Release|Any CPU
	EndGlobalSection
	GlobalSection(SolutionProperties) = preSolution
		HideSolutionNode = FALSE
	EndGlobalSection
	GlobalSection(ExtensibilityGlobals) = postSolution
		SolutionGuid = {AFDBF96A-A8CE-47DB-B5A6-F0C76A5C24EE}
	EndGlobalSection
EndGlobal
